// !$*UTF8*$!
{
	archiveVersion = 1;
	classes = {
	};
	objectVersion = 50;
	objects = {

/* Begin PBXBuildFile section */
		AB2A30E723319C9A006795C9 /* AppDelegate.swift in Sources */ = {isa = PBXBuildFile; fileRef = AB2A30E623319C9A006795C9 /* AppDelegate.swift */; };
		AB2A30E923319C9A006795C9 /* SceneDelegate.swift in Sources */ = {isa = PBXBuildFile; fileRef = AB2A30E823319C9A006795C9 /* SceneDelegate.swift */; };
		AB2A30EB23319C9A006795C9 /* ViewController.swift in Sources */ = {isa = PBXBuildFile; fileRef = AB2A30EA23319C9A006795C9 /* ViewController.swift */; };
		AB2A30EE23319C9A006795C9 /* Main.storyboard in Resources */ = {isa = PBXBuildFile; fileRef = AB2A30EC23319C9A006795C9 /* Main.storyboard */; };
		AB2A30F023319C9B006795C9 /* Assets.xcassets in Resources */ = {isa = PBXBuildFile; fileRef = AB2A30EF23319C9B006795C9 /* Assets.xcassets */; };
		AB2A30F323319C9B006795C9 /* LaunchScreen.storyboard in Resources */ = {isa = PBXBuildFile; fileRef = AB2A30F123319C9B006795C9 /* LaunchScreen.storyboard */; };
		AB2A30FE23319C9C006795C9 /* PokedexTests.swift in Sources */ = {isa = PBXBuildFile; fileRef = AB2A30FD23319C9C006795C9 /* PokedexTests.swift */; };
		AB2A310923319C9C006795C9 /* PokedexUITests.swift in Sources */ = {isa = PBXBuildFile; fileRef = AB2A310823319C9C006795C9 /* PokedexUITests.swift */; };
/* End PBXBuildFile section */

/* Begin PBXContainerItemProxy section */
		AB2A30FA23319C9C006795C9 /* PBXContainerItemProxy */ = {
			isa = PBXContainerItemProxy;
			containerPortal = AB2A30DB23319C9A006795C9 /* Project object */;
			proxyType = 1;
			remoteGlobalIDString = AB2A30E223319C9A006795C9;
			remoteInfo = Pokedex;
		};
		AB2A310523319C9C006795C9 /* PBXContainerItemProxy */ = {
			isa = PBXContainerItemProxy;
			containerPortal = AB2A30DB23319C9A006795C9 /* Project object */;
			proxyType = 1;
			remoteGlobalIDString = AB2A30E223319C9A006795C9;
			remoteInfo = Pokedex;
		};
/* End PBXContainerItemProxy section */

/* Begin PBXFileReference section */
		AB2A30E323319C9A006795C9 /* Pokedex.app */ = {isa = PBXFileReference; explicitFileType = wrapper.application; includeInIndex = 0; path = Pokedex.app; sourceTree = BUILT_PRODUCTS_DIR; };
		AB2A30E623319C9A006795C9 /* AppDelegate.swift */ = {isa = PBXFileReference; lastKnownFileType = sourcecode.swift; path = AppDelegate.swift; sourceTree = "<group>"; };
		AB2A30E823319C9A006795C9 /* SceneDelegate.swift */ = {isa = PBXFileReference; lastKnownFileType = sourcecode.swift; path = SceneDelegate.swift; sourceTree = "<group>"; };
		AB2A30EA23319C9A006795C9 /* ViewController.swift */ = {isa = PBXFileReference; lastKnownFileType = sourcecode.swift; path = ViewController.swift; sourceTree = "<group>"; };
		AB2A30ED23319C9A006795C9 /* Base */ = {isa = PBXFileReference; lastKnownFileType = file.storyboard; name = Base; path = Base.lproj/Main.storyboard; sourceTree = "<group>"; };
		AB2A30EF23319C9B006795C9 /* Assets.xcassets */ = {isa = PBXFileReference; lastKnownFileType = folder.assetcatalog; path = Assets.xcassets; sourceTree = "<group>"; };
		AB2A30F223319C9B006795C9 /* Base */ = {isa = PBXFileReference; lastKnownFileType = file.storyboard; name = Base; path = Base.lproj/LaunchScreen.storyboard; sourceTree = "<group>"; };
		AB2A30F423319C9B006795C9 /* Info.plist */ = {isa = PBXFileReference; lastKnownFileType = text.plist.xml; path = Info.plist; sourceTree = "<group>"; };
		AB2A30F923319C9C006795C9 /* PokedexTests.xctest */ = {isa = PBXFileReference; explicitFileType = wrapper.cfbundle; includeInIndex = 0; path = PokedexTests.xctest; sourceTree = BUILT_PRODUCTS_DIR; };
		AB2A30FD23319C9C006795C9 /* PokedexTests.swift */ = {isa = PBXFileReference; lastKnownFileType = sourcecode.swift; path = PokedexTests.swift; sourceTree = "<group>"; };
		AB2A30FF23319C9C006795C9 /* Info.plist */ = {isa = PBXFileReference; lastKnownFileType = text.plist.xml; path = Info.plist; sourceTree = "<group>"; };
		AB2A310423319C9C006795C9 /* PokedexUITests.xctest */ = {isa = PBXFileReference; explicitFileType = wrapper.cfbundle; includeInIndex = 0; path = PokedexUITests.xctest; sourceTree = BUILT_PRODUCTS_DIR; };
		AB2A310823319C9C006795C9 /* PokedexUITests.swift */ = {isa = PBXFileReference; lastKnownFileType = sourcecode.swift; path = PokedexUITests.swift; sourceTree = "<group>"; };
		AB2A310A23319C9C006795C9 /* Info.plist */ = {isa = PBXFileReference; lastKnownFileType = text.plist.xml; path = Info.plist; sourceTree = "<group>"; };
/* End PBXFileReference section */

/* Begin PBXFrameworksBuildPhase section */
		AB2A30E023319C9A006795C9 /* Frameworks */ = {
			isa = PBXFrameworksBuildPhase;
			buildActionMask = 2147483647;
			files = (
			);
			runOnlyForDeploymentPostprocessing = 0;
		};
		AB2A30F623319C9C006795C9 /* Frameworks */ = {
			isa = PBXFrameworksBuildPhase;
			buildActionMask = 2147483647;
			files = (
			);
			runOnlyForDeploymentPostprocessing = 0;
		};
		AB2A310123319C9C006795C9 /* Frameworks */ = {
			isa = PBXFrameworksBuildPhase;
			buildActionMask = 2147483647;
			files = (
			);
			runOnlyForDeploymentPostprocessing = 0;
		};
/* End PBXFrameworksBuildPhase section */

/* Begin PBXGroup section */
		AB2A30DA23319C9A006795C9 = {
			isa = PBXGroup;
			children = (
				AB2A30E523319C9A006795C9 /* Pokedex */,
				AB2A30FC23319C9C006795C9 /* PokedexTests */,
				AB2A310723319C9C006795C9 /* PokedexUITests */,
				AB2A30E423319C9A006795C9 /* Products */,
			);
			sourceTree = "<group>";
		};
		AB2A30E423319C9A006795C9 /* Products */ = {
			isa = PBXGroup;
			children = (
				AB2A30E323319C9A006795C9 /* Pokedex.app */,
				AB2A30F923319C9C006795C9 /* PokedexTests.xctest */,
				AB2A310423319C9C006795C9 /* PokedexUITests.xctest */,
			);
			name = Products;
			sourceTree = "<group>";
		};
		AB2A30E523319C9A006795C9 /* Pokedex */ = {
			isa = PBXGroup;
			children = (
				AB2A30E623319C9A006795C9 /* AppDelegate.swift */,
				AB2A30E823319C9A006795C9 /* SceneDelegate.swift */,
				AB2A30EA23319C9A006795C9 /* ViewController.swift */,
				AB2A30EC23319C9A006795C9 /* Main.storyboard */,
				AB2A30EF23319C9B006795C9 /* Assets.xcassets */,
				AB2A30F123319C9B006795C9 /* LaunchScreen.storyboard */,
				AB2A30F423319C9B006795C9 /* Info.plist */,
			);
			path = Pokedex;
			sourceTree = "<group>";
		};
		AB2A30FC23319C9C006795C9 /* PokedexTests */ = {
			isa = PBXGroup;
			children = (
				AB2A30FD23319C9C006795C9 /* PokedexTests.swift */,
				AB2A30FF23319C9C006795C9 /* Info.plist */,
			);
			path = PokedexTests;
			sourceTree = "<group>";
		};
		AB2A310723319C9C006795C9 /* PokedexUITests */ = {
			isa = PBXGroup;
			children = (
				AB2A310823319C9C006795C9 /* PokedexUITests.swift */,
				AB2A310A23319C9C006795C9 /* Info.plist */,
			);
			path = PokedexUITests;
			sourceTree = "<group>";
		};
/* End PBXGroup section */

/* Begin PBXNativeTarget section */
		AB2A30E223319C9A006795C9 /* Pokedex */ = {
			isa = PBXNativeTarget;
			buildConfigurationList = AB2A310D23319C9C006795C9 /* Build configuration list for PBXNativeTarget "Pokedex" */;
			buildPhases = (
				AB2A30DF23319C9A006795C9 /* Sources */,
				AB2A30E023319C9A006795C9 /* Frameworks */,
				AB2A30E123319C9A006795C9 /* Resources */,
			);
			buildRules = (
			);
			dependencies = (
			);
			name = Pokedex;
			productName = Pokedex;
			productReference = AB2A30E323319C9A006795C9 /* Pokedex.app */;
			productType = "com.apple.product-type.application";
		};
		AB2A30F823319C9C006795C9 /* PokedexTests */ = {
			isa = PBXNativeTarget;
			buildConfigurationList = AB2A311023319C9C006795C9 /* Build configuration list for PBXNativeTarget "PokedexTests" */;
			buildPhases = (
				AB2A30F523319C9C006795C9 /* Sources */,
				AB2A30F623319C9C006795C9 /* Frameworks */,
				AB2A30F723319C9C006795C9 /* Resources */,
			);
			buildRules = (
			);
			dependencies = (
				AB2A30FB23319C9C006795C9 /* PBXTargetDependency */,
			);
			name = PokedexTests;
			productName = PokedexTests;
			productReference = AB2A30F923319C9C006795C9 /* PokedexTests.xctest */;
			productType = "com.apple.product-type.bundle.unit-test";
		};
		AB2A310323319C9C006795C9 /* PokedexUITests */ = {
			isa = PBXNativeTarget;
			buildConfigurationList = AB2A311323319C9C006795C9 /* Build configuration list for PBXNativeTarget "PokedexUITests" */;
			buildPhases = (
				AB2A310023319C9C006795C9 /* Sources */,
				AB2A310123319C9C006795C9 /* Frameworks */,
				AB2A310223319C9C006795C9 /* Resources */,
			);
			buildRules = (
			);
			dependencies = (
				AB2A310623319C9C006795C9 /* PBXTargetDependency */,
			);
			name = PokedexUITests;
			productName = PokedexUITests;
			productReference = AB2A310423319C9C006795C9 /* PokedexUITests.xctest */;
			productType = "com.apple.product-type.bundle.ui-testing";
		};
/* End PBXNativeTarget section */

/* Begin PBXProject section */
		AB2A30DB23319C9A006795C9 /* Project object */ = {
			isa = PBXProject;
			attributes = {
				LastSwiftUpdateCheck = 1100;
				LastUpgradeCheck = 1100;
				ORGANIZATIONNAME = Medrar;
				TargetAttributes = {
					AB2A30E223319C9A006795C9 = {
						CreatedOnToolsVersion = 11.0;
					};
					AB2A30F823319C9C006795C9 = {
						CreatedOnToolsVersion = 11.0;
						TestTargetID = AB2A30E223319C9A006795C9;
					};
					AB2A310323319C9C006795C9 = {
						CreatedOnToolsVersion = 11.0;
						TestTargetID = AB2A30E223319C9A006795C9;
					};
				};
			};
			buildConfigurationList = AB2A30DE23319C9A006795C9 /* Build configuration list for PBXProject "Pokedex" */;
			compatibilityVersion = "Xcode 9.3";
			developmentRegion = en;
			hasScannedForEncodings = 0;
			knownRegions = (
				en,
				Base,
			);
			mainGroup = AB2A30DA23319C9A006795C9;
			productRefGroup = AB2A30E423319C9A006795C9 /* Products */;
			projectDirPath = "";
			projectRoot = "";
			targets = (
				AB2A30E223319C9A006795C9 /* Pokedex */,
				AB2A30F823319C9C006795C9 /* PokedexTests */,
				AB2A310323319C9C006795C9 /* PokedexUITests */,
			);
		};
/* End PBXProject section */

/* Begin PBXResourcesBuildPhase section */
		AB2A30E123319C9A006795C9 /* Resources */ = {
			isa = PBXResourcesBuildPhase;
			buildActionMask = 2147483647;
			files = (
				AB2A30F323319C9B006795C9 /* LaunchScreen.storyboard in Resources */,
				AB2A30F023319C9B006795C9 /* Assets.xcassets in Resources */,
				AB2A30EE23319C9A006795C9 /* Main.storyboard in Resources */,
			);
			runOnlyForDeploymentPostprocessing = 0;
		};
		AB2A30F723319C9C006795C9 /* Resources */ = {
			isa = PBXResourcesBuildPhase;
			buildActionMask = 2147483647;
			files = (
			);
			runOnlyForDeploymentPostprocessing = 0;
		};
		AB2A310223319C9C006795C9 /* Resources */ = {
			isa = PBXResourcesBuildPhase;
			buildActionMask = 2147483647;
			files = (
			);
			runOnlyForDeploymentPostprocessing = 0;
		};
/* End PBXResourcesBuildPhase section */

/* Begin PBXSourcesBuildPhase section */
		AB2A30DF23319C9A006795C9 /* Sources */ = {
			isa = PBXSourcesBuildPhase;
			buildActionMask = 2147483647;
			files = (
				AB2A30EB23319C9A006795C9 /* ViewController.swift in Sources */,
				AB2A30E723319C9A006795C9 /* AppDelegate.swift in Sources */,
				AB2A30E923319C9A006795C9 /* SceneDelegate.swift in Sources */,
			);
			runOnlyForDeploymentPostprocessing = 0;
		};
		AB2A30F523319C9C006795C9 /* Sources */ = {
			isa = PBXSourcesBuildPhase;
			buildActionMask = 2147483647;
			files = (
				AB2A30FE23319C9C006795C9 /* PokedexTests.swift in Sources */,
			);
			runOnlyForDeploymentPostprocessing = 0;
		};
		AB2A310023319C9C006795C9 /* Sources */ = {
			isa = PBXSourcesBuildPhase;
			buildActionMask = 2147483647;
			files = (
				AB2A310923319C9C006795C9 /* PokedexUITests.swift in Sources */,
			);
			runOnlyForDeploymentPostprocessing = 0;
		};
/* End PBXSourcesBuildPhase section */

/* Begin PBXTargetDependency section */
		AB2A30FB23319C9C006795C9 /* PBXTargetDependency */ = {
			isa = PBXTargetDependency;
			target = AB2A30E223319C9A006795C9 /* Pokedex */;
			targetProxy = AB2A30FA23319C9C006795C9 /* PBXContainerItemProxy */;
		};
		AB2A310623319C9C006795C9 /* PBXTargetDependency */ = {
			isa = PBXTargetDependency;
			target = AB2A30E223319C9A006795C9 /* Pokedex */;
			targetProxy = AB2A310523319C9C006795C9 /* PBXContainerItemProxy */;
		};
/* End PBXTargetDependency section */

/* Begin PBXVariantGroup section */
		AB2A30EC23319C9A006795C9 /* Main.storyboard */ = {
			isa = PBXVariantGroup;
			children = (
				AB2A30ED23319C9A006795C9 /* Base */,
			);
			name = Main.storyboard;
			sourceTree = "<group>";
		};
		AB2A30F123319C9B006795C9 /* LaunchScreen.storyboard */ = {
			isa = PBXVariantGroup;
			children = (
				AB2A30F223319C9B006795C9 /* Base */,
			);
			name = LaunchScreen.storyboard;
			sourceTree = "<group>";
		};
/* End PBXVariantGroup section */

/* Begin XCBuildConfiguration section */
		AB2A310B23319C9C006795C9 /* Debug */ = {
			isa = XCBuildConfiguration;
			buildSettings = {
				ALWAYS_SEARCH_USER_PATHS = NO;
				CLANG_ANALYZER_NONNULL = YES;
				CLANG_ANALYZER_NUMBER_OBJECT_CONVERSION = YES_AGGRESSIVE;
				CLANG_CXX_LANGUAGE_STANDARD = "gnu++14";
				CLANG_CXX_LIBRARY = "libc++";
				CLANG_ENABLE_MODULES = YES;
				CLANG_ENABLE_OBJC_ARC = YES;
				CLANG_ENABLE_OBJC_WEAK = YES;
				CLANG_WARN_BLOCK_CAPTURE_AUTORELEASING = YES;
				CLANG_WARN_BOOL_CONVERSION = YES;
				CLANG_WARN_COMMA = YES;
				CLANG_WARN_CONSTANT_CONVERSION = YES;
				CLANG_WARN_DEPRECATED_OBJC_IMPLEMENTATIONS = YES;
				CLANG_WARN_DIRECT_OBJC_ISA_USAGE = YES_ERROR;
				CLANG_WARN_DOCUMENTATION_COMMENTS = YES;
				CLANG_WARN_EMPTY_BODY = YES;
				CLANG_WARN_ENUM_CONVERSION = YES;
				CLANG_WARN_INFINITE_RECURSION = YES;
				CLANG_WARN_INT_CONVERSION = YES;
				CLANG_WARN_NON_LITERAL_NULL_CONVERSION = YES;
				CLANG_WARN_OBJC_IMPLICIT_RETAIN_SELF = YES;
				CLANG_WARN_OBJC_LITERAL_CONVERSION = YES;
				CLANG_WARN_OBJC_ROOT_CLASS = YES_ERROR;
				CLANG_WARN_RANGE_LOOP_ANALYSIS = YES;
				CLANG_WARN_STRICT_PROTOTYPES = YES;
				CLANG_WARN_SUSPICIOUS_MOVE = YES;
				CLANG_WARN_UNGUARDED_AVAILABILITY = YES_AGGRESSIVE;
				CLANG_WARN_UNREACHABLE_CODE = YES;
				CLANG_WARN__DUPLICATE_METHOD_MATCH = YES;
				COPY_PHASE_STRIP = NO;
				DEBUG_INFORMATION_FORMAT = dwarf;
				ENABLE_STRICT_OBJC_MSGSEND = YES;
				ENABLE_TESTABILITY = YES;
				GCC_C_LANGUAGE_STANDARD = gnu11;
				GCC_DYNAMIC_NO_PIC = NO;
				GCC_NO_COMMON_BLOCKS = YES;
				GCC_OPTIMIZATION_LEVEL = 0;
				GCC_PREPROCESSOR_DEFINITIONS = (
					"DEBUG=1",
					"$(inherited)",
				);
				GCC_WARN_64_TO_32_BIT_CONVERSION = YES;
				GCC_WARN_ABOUT_RETURN_TYPE = YES_ERROR;
				GCC_WARN_UNDECLARED_SELECTOR = YES;
				GCC_WARN_UNINITIALIZED_AUTOS = YES_AGGRESSIVE;
				GCC_WARN_UNUSED_FUNCTION = YES;
				GCC_WARN_UNUSED_VARIABLE = YES;
				IPHONEOS_DEPLOYMENT_TARGET = 13.0;
				MTL_ENABLE_DEBUG_INFO = INCLUDE_SOURCE;
				MTL_FAST_MATH = YES;
				ONLY_ACTIVE_ARCH = YES;
				SDKROOT = iphoneos;
				SWIFT_ACTIVE_COMPILATION_CONDITIONS = DEBUG;
				SWIFT_OPTIMIZATION_LEVEL = "-Onone";
			};
			name = Debug;
		};
		AB2A310C23319C9C006795C9 /* Release */ = {
			isa = XCBuildConfiguration;
			buildSettings = {
				ALWAYS_SEARCH_USER_PATHS = NO;
				CLANG_ANALYZER_NONNULL = YES;
				CLANG_ANALYZER_NUMBER_OBJECT_CONVERSION = YES_AGGRESSIVE;
				CLANG_CXX_LANGUAGE_STANDARD = "gnu++14";
				CLANG_CXX_LIBRARY = "libc++";
				CLANG_ENABLE_MODULES = YES;
				CLANG_ENABLE_OBJC_ARC = YES;
				CLANG_ENABLE_OBJC_WEAK = YES;
				CLANG_WARN_BLOCK_CAPTURE_AUTORELEASING = YES;
				CLANG_WARN_BOOL_CONVERSION = YES;
				CLANG_WARN_COMMA = YES;
				CLANG_WARN_CONSTANT_CONVERSION = YES;
				CLANG_WARN_DEPRECATED_OBJC_IMPLEMENTATIONS = YES;
				CLANG_WARN_DIRECT_OBJC_ISA_USAGE = YES_ERROR;
				CLANG_WARN_DOCUMENTATION_COMMENTS = YES;
				CLANG_WARN_EMPTY_BODY = YES;
				CLANG_WARN_ENUM_CONVERSION = YES;
				CLANG_WARN_INFINITE_RECURSION = YES;
				CLANG_WARN_INT_CONVERSION = YES;
				CLANG_WARN_NON_LITERAL_NULL_CONVERSION = YES;
				CLANG_WARN_OBJC_IMPLICIT_RETAIN_SELF = YES;
				CLANG_WARN_OBJC_LITERAL_CONVERSION = YES;
				CLANG_WARN_OBJC_ROOT_CLASS = YES_ERROR;
				CLANG_WARN_RANGE_LOOP_ANALYSIS = YES;
				CLANG_WARN_STRICT_PROTOTYPES = YES;
				CLANG_WARN_SUSPICIOUS_MOVE = YES;
				CLANG_WARN_UNGUARDED_AVAILABILITY = YES_AGGRESSIVE;
				CLANG_WARN_UNREACHABLE_CODE = YES;
				CLANG_WARN__DUPLICATE_METHOD_MATCH = YES;
				COPY_PHASE_STRIP = NO;
				DEBUG_INFORMATION_FORMAT = "dwarf-with-dsym";
				ENABLE_NS_ASSERTIONS = NO;
				ENABLE_STRICT_OBJC_MSGSEND = YES;
				GCC_C_LANGUAGE_STANDARD = gnu11;
				GCC_NO_COMMON_BLOCKS = YES;
				GCC_WARN_64_TO_32_BIT_CONVERSION = YES;
				GCC_WARN_ABOUT_RETURN_TYPE = YES_ERROR;
				GCC_WARN_UNDECLARED_SELECTOR = YES;
				GCC_WARN_UNINITIALIZED_AUTOS = YES_AGGRESSIVE;
				GCC_WARN_UNUSED_FUNCTION = YES;
				GCC_WARN_UNUSED_VARIABLE = YES;
				IPHONEOS_DEPLOYMENT_TARGET = 13.0;
				MTL_ENABLE_DEBUG_INFO = NO;
				MTL_FAST_MATH = YES;
				SDKROOT = iphoneos;
				SWIFT_COMPILATION_MODE = wholemodule;
				SWIFT_OPTIMIZATION_LEVEL = "-O";
				VALIDATE_PRODUCT = YES;
			};
			name = Release;
		};
		AB2A310E23319C9C006795C9 /* Debug */ = {
			isa = XCBuildConfiguration;
			buildSettings = {
				ASSETCATALOG_COMPILER_APPICON_NAME = AppIcon;
				CODE_SIGN_STYLE = Automatic;
				INFOPLIST_FILE = Pokedex/Info.plist;
				LD_RUNPATH_SEARCH_PATHS = (
					"$(inherited)",
					"@executable_path/Frameworks",
				);
				PRODUCT_BUNDLE_IDENTIFIER = com.medrar.ios.Pokedex;
				PRODUCT_NAME = "$(TARGET_NAME)";
				SWIFT_VERSION = 5.0;
				TARGETED_DEVICE_FAMILY = "1,2";
			};
			name = Debug;
		};
		AB2A310F23319C9C006795C9 /* Release */ = {
			isa = XCBuildConfiguration;
			buildSettings = {
				ASSETCATALOG_COMPILER_APPICON_NAME = AppIcon;
				CODE_SIGN_STYLE = Automatic;
				INFOPLIST_FILE = Pokedex/Info.plist;
				LD_RUNPATH_SEARCH_PATHS = (
					"$(inherited)",
					"@executable_path/Frameworks",
				);
				PRODUCT_BUNDLE_IDENTIFIER = com.medrar.ios.Pokedex;
				PRODUCT_NAME = "$(TARGET_NAME)";
				SWIFT_VERSION = 5.0;
				TARGETED_DEVICE_FAMILY = "1,2";
			};
			name = Release;
		};
		AB2A311123319C9C006795C9 /* Debug */ = {
			isa = XCBuildConfiguration;
			buildSettings = {
				ALWAYS_EMBED_SWIFT_STANDARD_LIBRARIES = YES;
				BUNDLE_LOADER = "$(TEST_HOST)";
				CODE_SIGN_STYLE = Automatic;
				INFOPLIST_FILE = PokedexTests/Info.plist;
				IPHONEOS_DEPLOYMENT_TARGET = 13.0;
				LD_RUNPATH_SEARCH_PATHS = (
					"$(inherited)",
					"@executable_path/Frameworks",
					"@loader_path/Frameworks",
				);
				PRODUCT_BUNDLE_IDENTIFIER = com.medrar.ios.PokedexTests;
				PRODUCT_NAME = "$(TARGET_NAME)";
				SWIFT_VERSION = 5.0;
				TARGETED_DEVICE_FAMILY = "1,2";
				TEST_HOST = "$(BUILT_PRODUCTS_DIR)/Pokedex.app/Pokedex";
			};
			name = Debug;
		};
		AB2A311223319C9C006795C9 /* Release */ = {
			isa = XCBuildConfiguration;
			buildSettings = {
				ALWAYS_EMBED_SWIFT_STANDARD_LIBRARIES = YES;
				BUNDLE_LOADER = "$(TEST_HOST)";
				CODE_SIGN_STYLE = Automatic;
				INFOPLIST_FILE = PokedexTests/Info.plist;
				IPHONEOS_DEPLOYMENT_TARGET = 13.0;
				LD_RUNPATH_SEARCH_PATHS = (
					"$(inherited)",
					"@executable_path/Frameworks",
					"@loader_path/Frameworks",
				);
				PRODUCT_BUNDLE_IDENTIFIER = com.medrar.ios.PokedexTests;
				PRODUCT_NAME = "$(TARGET_NAME)";
				SWIFT_VERSION = 5.0;
				TARGETED_DEVICE_FAMILY = "1,2";
				TEST_HOST = "$(BUILT_PRODUCTS_DIR)/Pokedex.app/Pokedex";
			};
			name = Release;
		};
		AB2A311423319C9C006795C9 /* Debug */ = {
			isa = XCBuildConfiguration;
			buildSettings = {
				ALWAYS_EMBED_SWIFT_STANDARD_LIBRARIES = YES;
				CODE_SIGN_STYLE = Automatic;
				INFOPLIST_FILE = PokedexUITests/Info.plist;
				LD_RUNPATH_SEARCH_PATHS = (
					"$(inherited)",
					"@executable_path/Frameworks",
					"@loader_path/Frameworks",
				);
				PRODUCT_BUNDLE_IDENTIFIER = com.medrar.ios.PokedexUITests;
				PRODUCT_NAME = "$(TARGET_NAME)";
				SWIFT_VERSION = 5.0;
				TARGETED_DEVICE_FAMILY = "1,2";
				TEST_TARGET_NAME = Pokedex;
			};
			name = Debug;
		};
		AB2A311523319C9C006795C9 /* Release */ = {
			isa = XCBuildConfiguration;
			buildSettings = {
				ALWAYS_EMBED_SWIFT_STANDARD_LIBRARIES = YES;
				CODE_SIGN_STYLE = Automatic;
				INFOPLIST_FILE = PokedexUITests/Info.plist;
				LD_RUNPATH_SEARCH_PATHS = (
					"$(inherited)",
					"@executable_path/Frameworks",
					"@loader_path/Frameworks",
				);
				PRODUCT_BUNDLE_IDENTIFIER = com.medrar.ios.PokedexUITests;
				PRODUCT_NAME = "$(TARGET_NAME)";
				SWIFT_VERSION = 5.0;
				TARGETED_DEVICE_FAMILY = "1,2";
				TEST_TARGET_NAME = Pokedex;
			};
			name = Release;
		};
/* End XCBuildConfiguration section */

/* Begin XCConfigurationList section */
		AB2A30DE23319C9A006795C9 /* Build configuration list for PBXProject "Pokedex" */ = {
			isa = XCConfigurationList;
			buildConfigurations = (
				AB2A310B23319C9C006795C9 /* Debug */,
				AB2A310C23319C9C006795C9 /* Release */,
			);
			defaultConfigurationIsVisible = 0;
			defaultConfigurationName = Release;
		};
		AB2A310D23319C9C006795C9 /* Build configuration list for PBXNativeTarget "Pokedex" */ = {
			isa = XCConfigurationList;
			buildConfigurations = (
				AB2A310E23319C9C006795C9 /* Debug */,
				AB2A310F23319C9C006795C9 /* Release */,
			);
			defaultConfigurationIsVisible = 0;
			defaultConfigurationName = Release;
		};
		AB2A311023319C9C006795C9 /* Build configuration list for PBXNativeTarget "PokedexTests" */ = {
			isa = XCConfigurationList;
			buildConfigurations = (
				AB2A311123319C9C006795C9 /* Debug */,
				AB2A311223319C9C006795C9 /* Release */,
			);
			defaultConfigurationIsVisible = 0;
			defaultConfigurationName = Release;
		};
		AB2A311323319C9C006795C9 /* Build configuration list for PBXNativeTarget "PokedexUITests" */ = {
			isa = XCConfigurationList;
			buildConfigurations = (
				AB2A311423319C9C006795C9 /* Debug */,
				AB2A311523319C9C006795C9 /* Release */,
			);
			defaultConfigurationIsVisible = 0;
			defaultConfigurationName = Release;
		};
/* End XCConfigurationList section */
	};
	rootObject = AB2A30DB23319C9A006795C9 /* Project object */;
}
